hash: 3d58ff809b9216cb6b415f7b4fddfae44c37f7ec721c05a9583387bdff3a852c
updated: 2016-06-21T07:52:47.438801332-07:00
imports:
- name: github.com/daaku/go.zipexe
  version: a5fe2436ffcb3236e175e5149162b41cd28bd27d
- name: github.com/dgrijalva/jwt-go
  version: f0777076321ab64f6efc15a82d9d23b98539b943
- name: github.com/facebookgo/clock
  version: 600d898af40aa09a7a93ecb9265d87b0504b6f03
- name: github.com/facebookgo/grace
  version: 053ab5d25436faedf3fe76fbf3da797c8c27c659
  subpackages:
  - gracehttp
  - gracenet
- name: github.com/facebookgo/httpdown
  version: a3b1354551a26449fbe05f5d855937f6e7acbd71
- name: github.com/facebookgo/stats
  version: 1b76add642e42c6ffba7211ad7b3939ce654526e
- name: github.com/GeertJohan/go.rice
  version: 0f3f5fde32fd1f755632a3d31ba2ec6d449e387b
  subpackages:
  - embedded
- name: github.com/golang/protobuf
  version: 0c1f6d65b5a189c2250d10e71a5506f06f9fa0a0
  subpackages:
  - proto
- name: github.com/gorilla/websocket
  version: a68708917c6a4f06314ab4e52493cc61359c9d42
- name: github.com/kardianos/osext
  version: 29ae4ffbc9a6fe9fb2bc5029050ce6996ea1d3bc
- name: github.com/labstack/echo
  version: fbcdf70c52c155ae9aa58e72ee0532fa2f1cad2e
  subpackages:
  - engine
  - engine/standard
  - middleware
  - log
- name: github.com/labstack/gommon
  version: 722aa12d41c236ce78ff48eac1cafe0107ecdc9d
  subpackages:
  - log
  - bytes
  - color
- name: github.com/mattn/go-colorable
  version: 9056b7a9f2d1f2d96498d6d146acd1f9d5ed3d59
- name: github.com/mattn/go-isatty
  version: 56b76bdf51f7708750eac80fa38b952bb9f32639
- name: github.com/rs/cors
  version: a62a804a8a009876ca59105f7899938a1349f4b3
- name: github.com/rs/xhandler
  version: ed27b6fd65218132ee50cd95f38474a3d8a2cd12
- name: github.com/thoas/stats
  version: 69e3c072eec2df2df41afe6214f62eb940e4cd80
- name: github.com/tylerb/graceful
  version: ecde8c8f16df93a994dda8936c8f60f0c26c28ab
- name: github.com/valyala/fasttemplate
  version: 3b874956e03f1636d171bda64b130f9135f42cff
- name: golang.org/x/net
  version: 7c71ca708c71bcbd0e6c856b01468ee07fe24557
  subpackages:
  - websocket
  - context
  - netutil
- name: golang.org/x/sys
  version: 62bee037599929a6e9146f29d10dd5208c43507d
  subpackages:
  - unix
- name: google.golang.org/appengine
  version: 267c27e7492265b84fc6719503b14a1e17975d79
  subpackages:
  - internal
  - internal/app_identity
  - internal/modules
  - internal/base
  - internal/datastore
  - internal/log
  - internal/remote_api
devImports: []
